// !$*UTF8*$!
{
	archiveVersion = 1;
	classes = {
	};
	objectVersion = 46;
	objects = {

/* Begin PBXBuildFile section */
		235D72381EA1D96E00080847 /* CallDirectoryHandler.swift in Sources */ = {isa = PBXBuildFile; fileRef = 235D72371EA1D96E00080847 /* CallDirectoryHandler.swift */; };
		235D723C1EA1D96E00080847 /* HotlineDirectory.appex in Embed App Extensions */ = {isa = PBXBuildFile; fileRef = 235D72351EA1D96E00080847 /* HotlineDirectory.appex */; settings = {ATTRIBUTES = (RemoveHeadersOnCopy, ); }; };
		236CCD1A1EA083A600BAE196 /* ProviderDelegate.swift in Sources */ = {isa = PBXBuildFile; fileRef = 236CCD191EA083A600BAE196 /* ProviderDelegate.swift */; };
		23C5380A1EA0761E00A59C51 /* Assets.xcassets in Resources */ = {isa = PBXBuildFile; fileRef = 23C538091EA0761E00A59C51 /* Assets.xcassets */; };
		23C5380D1EA0765600A59C51 /* Main.storyboard in Resources */ = {isa = PBXBuildFile; fileRef = 23C5380B1EA0765600A59C51 /* Main.storyboard */; };
		23C5380E1EA0765600A59C51 /* LaunchScreen.storyboard in Resources */ = {isa = PBXBuildFile; fileRef = 23C5380C1EA0765600A59C51 /* LaunchScreen.storyboard */; };
		23C538101EA0767A00A59C51 /* CallTableViewCell.swift in Sources */ = {isa = PBXBuildFile; fileRef = 23C5380F1EA0767A00A59C51 /* CallTableViewCell.swift */; };
		23C538131EA0768A00A59C51 /* CallsViewController.swift in Sources */ = {isa = PBXBuildFile; fileRef = 23C538111EA0768A00A59C51 /* CallsViewController.swift */; };
		23C538141EA0768A00A59C51 /* NewCallViewController.swift in Sources */ = {isa = PBXBuildFile; fileRef = 23C538121EA0768A00A59C51 /* NewCallViewController.swift */; };
		23C538161EA076B700A59C51 /* AppDelegate.swift in Sources */ = {isa = PBXBuildFile; fileRef = 23C538151EA076B700A59C51 /* AppDelegate.swift */; };
		23C538191EA076C400A59C51 /* Call.swift in Sources */ = {isa = PBXBuildFile; fileRef = 23C538171EA076C400A59C51 /* Call.swift */; };
		23C5381A1EA076C400A59C51 /* CallManager.swift in Sources */ = {isa = PBXBuildFile; fileRef = 23C538181EA076C400A59C51 /* CallManager.swift */; };
		23C5381C1EA076D800A59C51 /* Audio.swift in Sources */ = {isa = PBXBuildFile; fileRef = 23C5381B1EA076D800A59C51 /* Audio.swift */; };
/* End PBXBuildFile section */

/* Begin PBXContainerItemProxy section */
		235D723A1EA1D96E00080847 /* PBXContainerItemProxy */ = {
			isa = PBXContainerItemProxy;
			containerPortal = 23C537E51EA0757700A59C51 /* Project object */;
			proxyType = 1;
			remoteGlobalIDString = 235D72341EA1D96E00080847;
			remoteInfo = HotlineDirectory;
		};
/* End PBXContainerItemProxy section */

/* Begin PBXCopyFilesBuildPhase section */
		235D72301EA19BA300080847 /* Embed App Extensions */ = {
			isa = PBXCopyFilesBuildPhase;
			buildActionMask = 2147483647;
			dstPath = "";
			dstSubfolderSpec = 13;
			files = (
				235D723C1EA1D96E00080847 /* HotlineDirectory.appex in Embed App Extensions */,
			);
			name = "Embed App Extensions";
			runOnlyForDeploymentPostprocessing = 0;
		};
/* End PBXCopyFilesBuildPhase section */

/* Begin PBXFileReference section */
		235D72351EA1D96E00080847 /* HotlineDirectory.appex */ = {isa = PBXFileReference; explicitFileType = "wrapper.app-extension"; includeInIndex = 0; path = HotlineDirectory.appex; sourceTree = BUILT_PRODUCTS_DIR; };
		235D72371EA1D96E00080847 /* CallDirectoryHandler.swift */ = {isa = PBXFileReference; lastKnownFileType = sourcecode.swift; path = CallDirectoryHandler.swift; sourceTree = "<group>"; };
		235D72391EA1D96E00080847 /* Info.plist */ = {isa = PBXFileReference; lastKnownFileType = text.plist.xml; path = Info.plist; sourceTree = "<group>"; };
		236CCD191EA083A600BAE196 /* ProviderDelegate.swift */ = {isa = PBXFileReference; fileEncoding = 4; lastKnownFileType = sourcecode.swift; path = ProviderDelegate.swift; sourceTree = "<group>"; };
		23C537ED1EA0757700A59C51 /* TRHotline.app */ = {isa = PBXFileReference; explicitFileType = wrapper.application; includeInIndex = 0; path = TRHotline.app; sourceTree = BUILT_PRODUCTS_DIR; };
		23C537FC1EA0757700A59C51 /* Info.plist */ = {isa = PBXFileReference; lastKnownFileType = text.plist.xml; path = Info.plist; sourceTree = "<group>"; };
		23C538091EA0761E00A59C51 /* Assets.xcassets */ = {isa = PBXFileReference; lastKnownFileType = folder.assetcatalog; path = Assets.xcassets; sourceTree = "<group>"; };
		23C5380B1EA0765600A59C51 /* Main.storyboard */ = {isa = PBXFileReference; fileEncoding = 4; lastKnownFileType = file.storyboard; path = Main.storyboard; sourceTree = "<group>"; };
		23C5380C1EA0765600A59C51 /* LaunchScreen.storyboard */ = {isa = PBXFileReference; fileEncoding = 4; lastKnownFileType = file.storyboard; path = LaunchScreen.storyboard; sourceTree = "<group>"; };
		23C5380F1EA0767A00A59C51 /* CallTableViewCell.swift */ = {isa = PBXFileReference; fileEncoding = 4; lastKnownFileType = sourcecode.swift; path = CallTableViewCell.swift; sourceTree = "<group>"; };
		23C538111EA0768A00A59C51 /* CallsViewController.swift */ = {isa = PBXFileReference; fileEncoding = 4; lastKnownFileType = sourcecode.swift; path = CallsViewController.swift; sourceTree = "<group>"; };
		23C538121EA0768A00A59C51 /* NewCallViewController.swift */ = {isa = PBXFileReference; fileEncoding = 4; lastKnownFileType = sourcecode.swift; path = NewCallViewController.swift; sourceTree = "<group>"; };
		23C538151EA076B700A59C51 /* AppDelegate.swift */ = {isa = PBXFileReference; fileEncoding = 4; lastKnownFileType = sourcecode.swift; path = AppDelegate.swift; sourceTree = "<group>"; };
		23C538171EA076C400A59C51 /* Call.swift */ = {isa = PBXFileReference; fileEncoding = 4; lastKnownFileType = sourcecode.swift; path = Call.swift; sourceTree = "<group>"; };
		23C538181EA076C400A59C51 /* CallManager.swift */ = {isa = PBXFileReference; fileEncoding = 4; lastKnownFileType = sourcecode.swift; path = CallManager.swift; sourceTree = "<group>"; };
		23C5381B1EA076D800A59C51 /* Audio.swift */ = {isa = PBXFileReference; fileEncoding = 4; lastKnownFileType = sourcecode.swift; path = Audio.swift; sourceTree = "<group>"; };
/* End PBXFileReference section */

/* Begin PBXFrameworksBuildPhase section */
		235D72321EA1D96E00080847 /* Frameworks */ = {
			isa = PBXFrameworksBuildPhase;
			buildActionMask = 2147483647;
			files = (
			);
			runOnlyForDeploymentPostprocessing = 0;
		};
		23C537EA1EA0757700A59C51 /* Frameworks */ = {
			isa = PBXFrameworksBuildPhase;
			buildActionMask = 2147483647;
			files = (
			);
			runOnlyForDeploymentPostprocessing = 0;
		};
/* End PBXFrameworksBuildPhase section */

/* Begin PBXGroup section */
		235D72361EA1D96E00080847 /* HotlineDirectory */ = {
			isa = PBXGroup;
			children = (
				235D72371EA1D96E00080847 /* CallDirectoryHandler.swift */,
				235D72391EA1D96E00080847 /* Info.plist */,
			);
			path = HotlineDirectory;
			sourceTree = "<group>";
		};
		23C537E41EA0757700A59C51 = {
			isa = PBXGroup;
			children = (
				23C537EF1EA0757700A59C51 /* TRHotline */,
				235D72361EA1D96E00080847 /* HotlineDirectory */,
				23C537EE1EA0757700A59C51 /* Products */,
			);
			sourceTree = "<group>";
		};
		23C537EE1EA0757700A59C51 /* Products */ = {
			isa = PBXGroup;
			children = (
				23C537ED1EA0757700A59C51 /* TRHotline.app */,
				235D72351EA1D96E00080847 /* HotlineDirectory.appex */,
			);
			name = Products;
			sourceTree = "<group>";
		};
		23C537EF1EA0757700A59C51 /* TRHotline */ = {
			isa = PBXGroup;
			children = (
				23C538041EA075C600A59C51 /* App */,
				23C538021EA0759B00A59C51 /* Audio */,
				23C538031EA075AA00A59C51 /* Call Management */,
				23C538051EA075CD00A59C51 /* UI */,
				23C538081EA075E400A59C51 /* Supporting Files */,
			);
			path = TRHotline;
			sourceTree = "<group>";
		};
		23C538021EA0759B00A59C51 /* Audio */ = {
			isa = PBXGroup;
			children = (
				23C5381B1EA076D800A59C51 /* Audio.swift */,
			);
			name = Audio;
			sourceTree = "<group>";
		};
		23C538031EA075AA00A59C51 /* Call Management */ = {
			isa = PBXGroup;
			children = (
				23C538171EA076C400A59C51 /* Call.swift */,
				23C538181EA076C400A59C51 /* CallManager.swift */,
			);
			name = "Call Management";
			sourceTree = "<group>";
		};
		23C538041EA075C600A59C51 /* App */ = {
			isa = PBXGroup;
			children = (
				23C538151EA076B700A59C51 /* AppDelegate.swift */,
				236CCD191EA083A600BAE196 /* ProviderDelegate.swift */,
			);
			name = App;
			sourceTree = "<group>";
		};
		23C538051EA075CD00A59C51 /* UI */ = {
			isa = PBXGroup;
			children = (
				23C538071EA075DA00A59C51 /* View Controllers */,
				23C538061EA075D300A59C51 /* Views */,
				23C5380B1EA0765600A59C51 /* Main.storyboard */,
				23C5380C1EA0765600A59C51 /* LaunchScreen.storyboard */,
			);
			name = UI;
			sourceTree = "<group>";
		};
		23C538061EA075D300A59C51 /* Views */ = {
			isa = PBXGroup;
			children = (
				23C5380F1EA0767A00A59C51 /* CallTableViewCell.swift */,
			);
			name = Views;
			sourceTree = "<group>";
		};
		23C538071EA075DA00A59C51 /* View Controllers */ = {
			isa = PBXGroup;
			children = (
				23C538111EA0768A00A59C51 /* CallsViewController.swift */,
				23C538121EA0768A00A59C51 /* NewCallViewController.swift */,
			);
			name = "View Controllers";
			sourceTree = "<group>";
		};
		23C538081EA075E400A59C51 /* Supporting Files */ = {
			isa = PBXGroup;
			children = (
				23C538091EA0761E00A59C51 /* Assets.xcassets */,
				23C537FC1EA0757700A59C51 /* Info.plist */,
			);
			name = "Supporting Files";
			sourceTree = "<group>";
		};
/* End PBXGroup section */

/* Begin PBXNativeTarget section */
		235D72341EA1D96E00080847 /* HotlineDirectory */ = {
			isa = PBXNativeTarget;
			buildConfigurationList = 235D723D1EA1D96F00080847 /* Build configuration list for PBXNativeTarget "HotlineDirectory" */;
			buildPhases = (
				235D72311EA1D96E00080847 /* Sources */,
				235D72321EA1D96E00080847 /* Frameworks */,
				235D72331EA1D96E00080847 /* Resources */,
			);
			buildRules = (
			);
			dependencies = (
			);
			name = HotlineDirectory;
			productName = HotlineDirectory;
			productReference = 235D72351EA1D96E00080847 /* HotlineDirectory.appex */;
			productType = "com.apple.product-type.app-extension";
		};
		23C537EC1EA0757700A59C51 /* TRHotline */ = {
			isa = PBXNativeTarget;
			buildConfigurationList = 23C537FF1EA0757700A59C51 /* Build configuration list for PBXNativeTarget "TRHotline" */;
			buildPhases = (
				23C537E91EA0757700A59C51 /* Sources */,
				23C537EA1EA0757700A59C51 /* Frameworks */,
				23C537EB1EA0757700A59C51 /* Resources */,
				235D72301EA19BA300080847 /* Embed App Extensions */,
			);
			buildRules = (
			);
			dependencies = (
				235D723B1EA1D96E00080847 /* PBXTargetDependency */,
			);
			name = TRHotline;
			productName = TRHotline;
			productReference = 23C537ED1EA0757700A59C51 /* TRHotline.app */;
			productType = "com.apple.product-type.application";
		};
/* End PBXNativeTarget section */

/* Begin PBXProject section */
		23C537E51EA0757700A59C51 /* Project object */ = {
			isa = PBXProject;
			attributes = {
				LastSwiftUpdateCheck = 0830;
				LastUpgradeCheck = 0830;
				ORGANIZATIONNAME = Latitude23;
				TargetAttributes = {
					235D72341EA1D96E00080847 = {
						CreatedOnToolsVersion = 8.3.1;
						DevelopmentTeam = 9494MA7F48;
						ProvisioningStyle = Automatic;
					};
					23C537EC1EA0757700A59C51 = {
						CreatedOnToolsVersion = 8.3.1;
						DevelopmentTeam = 9494MA7F48;
						ProvisioningStyle = Automatic;
					};
				};
			};
			buildConfigurationList = 23C537E81EA0757700A59C51 /* Build configuration list for PBXProject "TRHotline" */;
			compatibilityVersion = "Xcode 3.2";
			developmentRegion = English;
			hasScannedForEncodings = 0;
			knownRegions = (
				en,
				Base,
			);
			mainGroup = 23C537E41EA0757700A59C51;
			productRefGroup = 23C537EE1EA0757700A59C51 /* Products */;
			projectDirPath = "";
			projectRoot = "";
			targets = (
				23C537EC1EA0757700A59C51 /* TRHotline */,
				235D72341EA1D96E00080847 /* HotlineDirectory */,
			);
		};
/* End PBXProject section */

/* Begin PBXResourcesBuildPhase section */
		235D72331EA1D96E00080847 /* Resources */ = {
			isa = PBXResourcesBuildPhase;
			buildActionMask = 2147483647;
			files = (
			);
			runOnlyForDeploymentPostprocessing = 0;
		};
		23C537EB1EA0757700A59C51 /* Resources */ = {
			isa = PBXResourcesBuildPhase;
			buildActionMask = 2147483647;
			files = (
				23C5380E1EA0765600A59C51 /* LaunchScreen.storyboard in Resources */,
				23C5380A1EA0761E00A59C51 /* Assets.xcassets in Resources */,
				23C5380D1EA0765600A59C51 /* Main.storyboard in Resources */,
			);
			runOnlyForDeploymentPostprocessing = 0;
		};
/* End PBXResourcesBuildPhase section */

/* Begin PBXSourcesBuildPhase section */
		235D72311EA1D96E00080847 /* Sources */ = {
			isa = PBXSourcesBuildPhase;
			buildActionMask = 2147483647;
			files = (
				235D72381EA1D96E00080847 /* CallDirectoryHandler.swift in Sources */,
			);
			runOnlyForDeploymentPostprocessing = 0;
		};
		23C537E91EA0757700A59C51 /* Sources */ = {
			isa = PBXSourcesBuildPhase;
			buildActionMask = 2147483647;
			files = (
				23C538161EA076B700A59C51 /* AppDelegate.swift in Sources */,
				23C538101EA0767A00A59C51 /* CallTableViewCell.swift in Sources */,
				23C538191EA076C400A59C51 /* Call.swift in Sources */,
				23C5381A1EA076C400A59C51 /* CallManager.swift in Sources */,
				23C538141EA0768A00A59C51 /* NewCallViewController.swift in Sources */,
				23C538131EA0768A00A59C51 /* CallsViewController.swift in Sources */,
				23C5381C1EA076D800A59C51 /* Audio.swift in Sources */,
				236CCD1A1EA083A600BAE196 /* ProviderDelegate.swift in Sources */,
			);
			runOnlyForDeploymentPostprocessing = 0;
		};
/* End PBXSourcesBuildPhase section */

/* Begin PBXTargetDependency section */
		235D723B1EA1D96E00080847 /* PBXTargetDependency */ = {
			isa = PBXTargetDependency;
			target = 235D72341EA1D96E00080847 /* HotlineDirectory */;
			targetProxy = 235D723A1EA1D96E00080847 /* PBXContainerItemProxy */;
		};
/* End PBXTargetDependency section */

/* Begin XCBuildConfiguration section */
		235D723E1EA1D96F00080847 /* Debug */ = {
			isa = XCBuildConfiguration;
			buildSettings = {
				ARCHS = "$(ARCHS_STANDARD_64_BIT)";
				DEVELOPMENT_TEAM = 9494MA7F48;
				INFOPLIST_FILE = HotlineDirectory/Info.plist;
				LD_RUNPATH_SEARCH_PATHS = "$(inherited) @executable_path/Frameworks @executable_path/../../Frameworks";
				PRODUCT_BUNDLE_IDENTIFIER = com.latitude23.TRHotline.HotlineDirectory;
				PRODUCT_NAME = "$(TARGET_NAME)";
				SKIP_INSTALL = YES;
				SWIFT_VERSION = 3.0;
			};
			name = Debug;
		};
		235D723F1EA1D96F00080847 /* Release */ = {
			isa = XCBuildConfiguration;
			buildSettings = {
				ARCHS = "$(ARCHS_STANDARD_64_BIT)";
				DEVELOPMENT_TEAM = 9494MA7F48;
				INFOPLIST_FILE = HotlineDirectory/Info.plist;
				LD_RUNPATH_SEARCH_PATHS = "$(inherited) @executable_path/Frameworks @executable_path/../../Frameworks";
				PRODUCT_BUNDLE_IDENTIFIER = com.latitude23.TRHotline.HotlineDirectory;
				PRODUCT_NAME = "$(TARGET_NAME)";
				SKIP_INSTALL = YES;
				SWIFT_VERSION = 3.0;
			};
			name = Release;
		};
		23C537FD1EA0757700A59C51 /* Debug */ = {
			isa = XCBuildConfiguration;
			buildSettings = {
				ALWAYS_SEARCH_USER_PATHS = NO;
				CLANG_ANALYZER_NONNULL = YES;
				CLANG_ANALYZER_NUMBER_OBJECT_CONVERSION = YES_AGGRESSIVE;
				CLANG_CXX_LANGUAGE_STANDARD = "gnu++0x";
				CLANG_CXX_LIBRARY = "libc++";
				CLANG_ENABLE_MODULES = YES;
				CLANG_ENABLE_OBJC_ARC = YES;
				CLANG_WARN_BOOL_CONVERSION = YES;
				CLANG_WARN_CONSTANT_CONVERSION = YES;
				CLANG_WARN_DIRECT_OBJC_ISA_USAGE = YES_ERROR;
				CLANG_WARN_DOCUMENTATION_COMMENTS = YES;
				CLANG_WARN_EMPTY_BODY = YES;
				CLANG_WARN_ENUM_CONVERSION = YES;
				CLANG_WARN_INFINITE_RECURSION = YES;
				CLANG_WARN_INT_CONVERSION = YES;
				CLANG_WARN_OBJC_ROOT_CLASS = YES_ERROR;
				CLANG_WARN_SUSPICIOUS_MOVE = YES;
				CLANG_WARN_UNREACHABLE_CODE = YES;
				CLANG_WARN__DUPLICATE_METHOD_MATCH = YES;
				"CODE_SIGN_IDENTITY[sdk=iphoneos*]" = "iPhone Developer";
				COPY_PHASE_STRIP = NO;
				DEBUG_INFORMATION_FORMAT = dwarf;
				ENABLE_STRICT_OBJC_MSGSEND = YES;
				ENABLE_TESTABILITY = YES;
				GCC_C_LANGUAGE_STANDARD = gnu99;
				GCC_DYNAMIC_NO_PIC = NO;
				GCC_NO_COMMON_BLOCKS = YES;
				GCC_OPTIMIZATION_LEVEL = 0;
				GCC_PREPROCESSOR_DEFINITIONS = (
					"DEBUG=1",
					"$(inherited)",
				);
				GCC_WARN_64_TO_32_BIT_CONVERSION = YES;
				GCC_WARN_ABOUT_RETURN_TYPE = YES_ERROR;
				GCC_WARN_UNDECLARED_SELECTOR = YES;
				GCC_WARN_UNINITIALIZED_AUTOS = YES_AGGRESSIVE;
				GCC_WARN_UNUSED_FUNCTION = YES;
				GCC_WARN_UNUSED_VARIABLE = YES;
				IPHONEOS_DEPLOYMENT_TARGET = 10.3;
				MTL_ENABLE_DEBUG_INFO = YES;
				ONLY_ACTIVE_ARCH = YES;
				SDKROOT = iphoneos;
				SWIFT_ACTIVE_COMPILATION_CONDITIONS = DEBUG;
				SWIFT_OPTIMIZATION_LEVEL = "-Onone";
			};
			name = Debug;
		};
		23C537FE1EA0757700A59C51 /* Release */ = {
			isa = XCBuildConfiguration;
			buildSettings = {
				ALWAYS_SEARCH_USER_PATHS = NO;
				CLANG_ANALYZER_NONNULL = YES;
				CLANG_ANALYZER_NUMBER_OBJECT_CONVERSION = YES_AGGRESSIVE;
				CLANG_CXX_LANGUAGE_STANDARD = "gnu++0x";
				CLANG_CXX_LIBRARY = "libc++";
				CLANG_ENABLE_MODULES = YES;
				CLANG_ENABLE_OBJC_ARC = YES;
				CLANG_WARN_BOOL_CONVERSION = YES;
				CLANG_WARN_CONSTANT_CONVERSION = YES;
				CLANG_WARN_DIRECT_OBJC_ISA_USAGE = YES_ERROR;
				CLANG_WARN_DOCUMENTATION_COMMENTS = YES;
				CLANG_WARN_EMPTY_BODY = YES;
				CLANG_WARN_ENUM_CONVERSION = YES;
				CLANG_WARN_INFINITE_RECURSION = YES;
				CLANG_WARN_INT_CONVERSION = YES;
				CLANG_WARN_OBJC_ROOT_CLASS = YES_ERROR;
				CLANG_WARN_SUSPICIOUS_MOVE = YES;
				CLANG_WARN_UNREACHABLE_CODE = YES;
				CLANG_WARN__DUPLICATE_METHOD_MATCH = YES;
				"CODE_SIGN_IDENTITY[sdk=iphoneos*]" = "iPhone Developer";
				COPY_PHASE_STRIP = NO;
				DEBUG_INFORMATION_FORMAT = "dwarf-with-dsym";
				ENABLE_NS_ASSERTIONS = NO;
				ENABLE_STRICT_OBJC_MSGSEND = YES;
				GCC_C_LANGUAGE_STANDARD = gnu99;
				GCC_NO_COMMON_BLOCKS = YES;
				GCC_WARN_64_TO_32_BIT_CONVERSION = YES;
				GCC_WARN_ABOUT_RETURN_TYPE = YES_ERROR;
				GCC_WARN_UNDECLARED_SELECTOR = YES;
				GCC_WARN_UNINITIALIZED_AUTOS = YES_AGGRESSIVE;
				GCC_WARN_UNUSED_FUNCTION = YES;
				GCC_WARN_UNUSED_VARIABLE = YES;
				IPHONEOS_DEPLOYMENT_TARGET = 10.3;
				MTL_ENABLE_DEBUG_INFO = NO;
				SDKROOT = iphoneos;
				SWIFT_OPTIMIZATION_LEVEL = "-Owholemodule";
				VALIDATE_PRODUCT = YES;
			};
			name = Release;
		};
		23C538001EA0757700A59C51 /* Debug */ = {
			isa = XCBuildConfiguration;
			buildSettings = {
				ALWAYS_EMBED_SWIFT_STANDARD_LIBRARIES = YES;
				ASSETCATALOG_COMPILER_APPICON_NAME = AppIcon;
				DEVELOPMENT_TEAM = 9494MA7F48;
				INFOPLIST_FILE = TRHotline/Info.plist;
				IPHONEOS_DEPLOYMENT_TARGET = 10.2;
				LD_RUNPATH_SEARCH_PATHS = "$(inherited) @executable_path/Frameworks";
				PRODUCT_BUNDLE_IDENTIFIER = com.latitude23.TRHotline;
				PRODUCT_NAME = "$(TARGET_NAME)";
				SWIFT_VERSION = 3.0;
			};
			name = Debug;
		};
		23C538011EA0757700A59C51 /* Release */ = {
			isa = XCBuildConfiguration;
			buildSettings = {
				ALWAYS_EMBED_SWIFT_STANDARD_LIBRARIES = YES;
				ASSETCATALOG_COMPILER_APPICON_NAME = AppIcon;
				DEVELOPMENT_TEAM = 9494MA7F48;
				INFOPLIST_FILE = TRHotline/Info.plist;
				IPHONEOS_DEPLOYMENT_TARGET = 10.2;
				LD_RUNPATH_SEARCH_PATHS = "$(inherited) @executable_path/Frameworks";
				PRODUCT_BUNDLE_IDENTIFIER = com.latitude23.TRHotline;
				PRODUCT_NAME = "$(TARGET_NAME)";
				SWIFT_VERSION = 3.0;
			};
			name = Release;
		};
/* End XCBuildConfiguration section */

/* Begin XCConfigurationList section */
		235D723D1EA1D96F00080847 /* Build configuration list for PBXNativeTarget "HotlineDirectory" */ = {
			isa = XCConfigurationList;
			buildConfigurations = (
				235D723E1EA1D96F00080847 /* Debug */,
				235D723F1EA1D96F00080847 /* Release */,
			);
			defaultConfigurationIsVisible = 0;
		};
		23C537E81EA0757700A59C51 /* Build configuration list for PBXProject "TRHotline" */ = {
			isa = XCConfigurationList;
			buildConfigurations = (
				23C537FD1EA0757700A59C51 /* Debug */,
				23C537FE1EA0757700A59C51 /* Release */,
			);
			defaultConfigurationIsVisible = 0;
			defaultConfigurationName = Release;
		};
		23C537FF1EA0757700A59C51 /* Build configuration list for PBXNativeTarget "TRHotline" */ = {
			isa = XCConfigurationList;
			buildConfigurations = (
				23C538001EA0757700A59C51 /* Debug */,
				23C538011EA0757700A59C51 /* Release */,
			);
			defaultConfigurationIsVisible = 0;
			defaultConfigurationName = Release;
		};
/* End XCConfigurationList section */
	};
	rootObject = 23C537E51EA0757700A59C51 /* Project object */;
}
